
Microsoft Visual Studio Solution File, Format Version 12.00
# Visual Studio Version 17
VisualStudioVersion = 17.0.31903.59
MinimumVisualStudioVersion = 10.0.40219.1
Project("{FAE04EC0-301F-11D3-BF4B-00C04F79EFBC}") = "Test", "Test\Test.csproj", "{6FFDF205-65C5-4FB7-B97E-54C034D52F61}"
EndProject
Project("{FAE04EC0-301F-11D3-BF4B-00C04F79EFBC}") = "OrderProcessing", "OrderProcessing\OrderProcessing.csproj", "{8B53F1A4-25EF-4DDE-B1ED-A685CB818162}"
EndProject
Global
	GlobalSection(SolutionConfigurationPlatforms) = preSolution
		Debug|Any CPU = Debug|Any CPU
		Release|Any CPU = Release|Any CPU
	EndGlobalSection
	GlobalSection(SolutionProperties) = preSolution
		HideSolutionNode = FALSE
	EndGlobalSection
	GlobalSection(ProjectConfigurationPlatforms) = postSolution
		{6FFDF205-65C5-4FB7-B97E-54C034D52F61}.Debug|Any CPU.ActiveCfg = Debug|Any CPU
		{6FFDF205-65C5-4FB7-B97E-54C034D52F61}.Debug|Any CPU.Build.0 = Debug|Any CPU
		{6FFDF205-65C5-4FB7-B97E-54C034D52F61}.Release|Any CPU.ActiveCfg = Release|Any CPU
		{6FFDF205-65C5-4FB7-B97E-54C034D52F61}.Release|Any CPU.Build.0 = Release|Any CPU
		{8B53F1A4-25EF-4DDE-B1ED-A685CB818162}.Debug|Any CPU.ActiveCfg = Debug|Any CPU
		{8B53F1A4-25EF-4DDE-B1ED-A685CB818162}.Debug|Any CPU.Build.0 = Debug|Any CPU
		{8B53F1A4-25EF-4DDE-B1ED-A685CB818162}.Release|Any CPU.ActiveCfg = Release|Any CPU
		{8B53F1A4-25EF-4DDE-B1ED-A685CB818162}.Release|Any CPU.Build.0 = Release|Any CPU
	EndGlobalSection
EndGlobal
